
Microsoft Visual Studio Solution File, Format Version 12.00
# Visual Studio 15
VisualStudioVersion = 15.0.28307.572
MinimumVisualStudioVersion = 10.0.40219.1
Project("{9A19103F-16F7-4668-BE54-9A1E7A4F7556}") = "RevitRibbonHelloWorld", "Revit_RibbonHelloWorld\RevitRibbonHelloWorld.csproj", "{C6FDD897-9AE0-43A2-8315-9220AE20B9E7}"
EndProject
Global
	GlobalSection(SolutionConfigurationPlatforms) = preSolution
		Debug|Any CPU = Debug|Any CPU
		Release|Any CPU = Release|Any CPU
	EndGlobalSection
	GlobalSection(ProjectConfigurationPlatforms) = postSolution
		{C6FDD897-9AE0-43A2-8315-9220AE20B9E7}.Debug|Any CPU.ActiveCfg = Debug|Any CPU
		{C6FDD897-9AE0-43A2-8315-9220AE20B9E7}.Debug|Any CPU.Build.0 = Debug|Any CPU
		{C6FDD897-9AE0-43A2-8315-9220AE20B9E7}.Release|Any CPU.ActiveCfg = Release|Any CPU
		{C6FDD897-9AE0-43A2-8315-9220AE20B9E7}.Release|Any CPU.Build.0 = Release|Any CPU
	EndGlobalSection
	GlobalSection(SolutionProperties) = preSolution
		HideSolutionNode = FALSE
	EndGlobalSection
	GlobalSection(ExtensibilityGlobals) = postSolution
		SolutionGuid = {1FA5D9BC-E125-4DA0-ACEF-9BD29ABAA607}
	EndGlobalSection
EndGlobal
